
Microsoft Visual Studio Solution File, Format Version 12.00
# Visual Studio Version 17
VisualStudioVersion = 17.10.35013.160
MinimumVisualStudioVersion = 10.0.40219.1
Project("{FAE04EC0-301F-11D3-BF4B-00C04F79EFBC}") = "DotNetApi", "DotNetApi\DotNetApi.csproj", "{DEB9E272-61BD-4F5C-9310-F42832D3A19E}"
EndProject
Project("{FAE04EC0-301F-11D3-BF4B-00C04F79EFBC}") = "DotNetApi.Model", "DotNetApi.Model\DotNetApi.Model.csproj", "{87164158-8507-4314-BEB0-3A230DEDFA13}"
EndProject
Global
	GlobalSection(SolutionConfigurationPlatforms) = preSolution
		Debug|Any CPU = Debug|Any CPU
		Release|Any CPU = Release|Any CPU
	EndGlobalSection
	GlobalSection(ProjectConfigurationPlatforms) = postSolution
		{DEB9E272-61BD-4F5C-9310-F42832D3A19E}.Debug|Any CPU.ActiveCfg = Debug|Any CPU
		{DEB9E272-61BD-4F5C-9310-F42832D3A19E}.Debug|Any CPU.Build.0 = Debug|Any CPU
		{DEB9E272-61BD-4F5C-9310-F42832D3A19E}.Release|Any CPU.ActiveCfg = Release|Any CPU
		{DEB9E272-61BD-4F5C-9310-F42832D3A19E}.Release|Any CPU.Build.0 = Release|Any CPU
		{87164158-8507-4314-BEB0-3A230DEDFA13}.Debug|Any CPU.ActiveCfg = Debug|Any CPU
		{87164158-8507-4314-BEB0-3A230DEDFA13}.Debug|Any CPU.Build.0 = Debug|Any CPU
		{87164158-8507-4314-BEB0-3A230DEDFA13}.Release|Any CPU.ActiveCfg = Release|Any CPU
		{87164158-8507-4314-BEB0-3A230DEDFA13}.Release|Any CPU.Build.0 = Release|Any CPU
	EndGlobalSection
	GlobalSection(SolutionProperties) = preSolution
		HideSolutionNode = FALSE
	EndGlobalSection
	GlobalSection(ExtensibilityGlobals) = postSolution
		SolutionGuid = {5BB23726-980F-45FA-A086-7076385C7139}
	EndGlobalSection
EndGlobal
